// !$*UTF8*$!
{
	archiveVersion = 1;
	classes = {
	};
	objectVersion = 56;
	objects = {

/* Begin PBXBuildFile section */
		3320009C2AFAAEA200F8E991 /* AppDelegate.swift in Sources */ = {isa = PBXBuildFile; fileRef = 3320009B2AFAAEA200F8E991 /* AppDelegate.swift */; };
		3320009E2AFAAEA200F8E991 /* SceneDelegate.swift in Sources */ = {isa = PBXBuildFile; fileRef = 3320009D2AFAAEA200F8E991 /* SceneDelegate.swift */; };
		332000A02AFAAEA200F8E991 /* MainViewController.swift in Sources */ = {isa = PBXBuildFile; fileRef = 3320009F2AFAAEA200F8E991 /* MainViewController.swift */; };
		332000A52AFAAEA400F8E991 /* Assets.xcassets in Resources */ = {isa = PBXBuildFile; fileRef = 332000A42AFAAEA400F8E991 /* Assets.xcassets */; };
		332000A82AFAAEA400F8E991 /* LaunchScreen.storyboard in Resources */ = {isa = PBXBuildFile; fileRef = 332000A62AFAAEA400F8E991 /* LaunchScreen.storyboard */; };
		332000B72AFAB54100F8E991 /* SnapKit in Frameworks */ = {isa = PBXBuildFile; productRef = 332000B62AFAB54100F8E991 /* SnapKit */; };
		332000B92AFAB54100F8E991 /* SnapKit-Dynamic in Frameworks */ = {isa = PBXBuildFile; productRef = 332000B82AFAB54100F8E991 /* SnapKit-Dynamic */; };
		332000BB2AFAB66100F8E991 /* MainViewModel.swift in Sources */ = {isa = PBXBuildFile; fileRef = 332000BA2AFAB66100F8E991 /* MainViewModel.swift */; };
		332000BD2AFAB9AC00F8E991 /* Colors.xcassets in Resources */ = {isa = PBXBuildFile; fileRef = 332000BC2AFAB9AC00F8E991 /* Colors.xcassets */; };
		332000C52AFB737400F8E991 /* ApiService.swift in Sources */ = {isa = PBXBuildFile; fileRef = 332000C42AFB737400F8E991 /* ApiService.swift */; };
		332000C62AFB742500F8E991 /* MainView.swift in Sources */ = {isa = PBXBuildFile; fileRef = 332000BF2AFB720E00F8E991 /* MainView.swift */; };
		332000CA2AFB7BA200F8E991 /* unsplash.json in Resources */ = {isa = PBXBuildFile; fileRef = 332000C92AFB7BA200F8E991 /* unsplash.json */; };
		332000CD2AFB855800F8E991 /* Products.swift in Sources */ = {isa = PBXBuildFile; fileRef = 332000CC2AFB855800F8E991 /* Products.swift */; };
		332000CF2AFB857000F8E991 /* Product.swift in Sources */ = {isa = PBXBuildFile; fileRef = 332000CE2AFB857000F8E991 /* Product.swift */; };
		332000D22AFB8B9800F8E991 /* SearchAppError.swift in Sources */ = {isa = PBXBuildFile; fileRef = 332000D12AFB8B9800F8E991 /* SearchAppError.swift */; };
/* End PBXBuildFile section */

/* Begin PBXFileReference section */
		332000982AFAAEA200F8E991 /* search-app.app */ = {isa = PBXFileReference; explicitFileType = wrapper.application; includeInIndex = 0; path = "search-app.app"; sourceTree = BUILT_PRODUCTS_DIR; };
		3320009B2AFAAEA200F8E991 /* AppDelegate.swift */ = {isa = PBXFileReference; lastKnownFileType = sourcecode.swift; path = AppDelegate.swift; sourceTree = "<group>"; };
		3320009D2AFAAEA200F8E991 /* SceneDelegate.swift */ = {isa = PBXFileReference; lastKnownFileType = sourcecode.swift; path = SceneDelegate.swift; sourceTree = "<group>"; };
		3320009F2AFAAEA200F8E991 /* MainViewController.swift */ = {isa = PBXFileReference; lastKnownFileType = sourcecode.swift; path = MainViewController.swift; sourceTree = "<group>"; };
		332000A42AFAAEA400F8E991 /* Assets.xcassets */ = {isa = PBXFileReference; lastKnownFileType = folder.assetcatalog; path = Assets.xcassets; sourceTree = "<group>"; };
		332000A72AFAAEA400F8E991 /* Base */ = {isa = PBXFileReference; lastKnownFileType = file.storyboard; name = Base; path = Base.lproj/LaunchScreen.storyboard; sourceTree = "<group>"; };
		332000A92AFAAEA400F8E991 /* Info.plist */ = {isa = PBXFileReference; lastKnownFileType = text.plist.xml; path = Info.plist; sourceTree = "<group>"; };
		332000BA2AFAB66100F8E991 /* MainViewModel.swift */ = {isa = PBXFileReference; lastKnownFileType = sourcecode.swift; path = MainViewModel.swift; sourceTree = "<group>"; };
		332000BC2AFAB9AC00F8E991 /* Colors.xcassets */ = {isa = PBXFileReference; lastKnownFileType = folder.assetcatalog; path = Colors.xcassets; sourceTree = "<group>"; };
		332000BF2AFB720E00F8E991 /* MainView.swift */ = {isa = PBXFileReference; lastKnownFileType = sourcecode.swift; path = MainView.swift; sourceTree = "<group>"; };
		332000C42AFB737400F8E991 /* ApiService.swift */ = {isa = PBXFileReference; lastKnownFileType = sourcecode.swift; path = ApiService.swift; sourceTree = "<group>"; };
		332000C92AFB7BA200F8E991 /* unsplash.json */ = {isa = PBXFileReference; lastKnownFileType = text.json; path = unsplash.json; sourceTree = "<group>"; };
		332000CC2AFB855800F8E991 /* Products.swift */ = {isa = PBXFileReference; lastKnownFileType = sourcecode.swift; path = Products.swift; sourceTree = "<group>"; };
		332000CE2AFB857000F8E991 /* Product.swift */ = {isa = PBXFileReference; lastKnownFileType = sourcecode.swift; path = Product.swift; sourceTree = "<group>"; };
		332000D12AFB8B9800F8E991 /* SearchAppError.swift */ = {isa = PBXFileReference; lastKnownFileType = sourcecode.swift; path = SearchAppError.swift; sourceTree = "<group>"; };
/* End PBXFileReference section */

/* Begin PBXFrameworksBuildPhase section */
		332000952AFAAEA200F8E991 /* Frameworks */ = {
			isa = PBXFrameworksBuildPhase;
			buildActionMask = 2147483647;
			files = (
				332000B72AFAB54100F8E991 /* SnapKit in Frameworks */,
				332000B92AFAB54100F8E991 /* SnapKit-Dynamic in Frameworks */,
			);
			runOnlyForDeploymentPostprocessing = 0;
		};
/* End PBXFrameworksBuildPhase section */

/* Begin PBXGroup section */
		3320008F2AFAAEA200F8E991 = {
			isa = PBXGroup;
			children = (
				3320009A2AFAAEA200F8E991 /* search-app */,
				332000992AFAAEA200F8E991 /* Products */,
			);
			sourceTree = "<group>";
		};
		332000992AFAAEA200F8E991 /* Products */ = {
			isa = PBXGroup;
			children = (
				332000982AFAAEA200F8E991 /* search-app.app */,
			);
			name = Products;
			sourceTree = "<group>";
		};
		3320009A2AFAAEA200F8E991 /* search-app */ = {
			isa = PBXGroup;
			children = (
				332000C32AFB736400F8E991 /* api */,
				332000B02AFAB35100F8E991 /* supported_files */,
				332000B12AFAB38D00F8E991 /* resources */,
				332000AF2AFAB2F000F8E991 /* Main */,
			);
			path = "search-app";
			sourceTree = "<group>";
		};
		332000AF2AFAB2F000F8E991 /* Main */ = {
			isa = PBXGroup;
			children = (
				332000C02AFB723A00F8E991 /* model */,
				332000BE2AFB720E00F8E991 /* view */,
				332000B22AFAB42700F8E991 /* controller */,
			);
			path = Main;
			sourceTree = "<group>";
		};
		332000B02AFAB35100F8E991 /* supported_files */ = {
			isa = PBXGroup;
			children = (
				3320009B2AFAAEA200F8E991 /* AppDelegate.swift */,
				3320009D2AFAAEA200F8E991 /* SceneDelegate.swift */,
			);
			path = supported_files;
			sourceTree = "<group>";
		};
		332000B12AFAB38D00F8E991 /* resources */ = {
			isa = PBXGroup;
			children = (
				332000A92AFAAEA400F8E991 /* Info.plist */,
				332000A42AFAAEA400F8E991 /* Assets.xcassets */,
				332000BC2AFAB9AC00F8E991 /* Colors.xcassets */,
				332000A62AFAAEA400F8E991 /* LaunchScreen.storyboard */,
			);
			path = resources;
			sourceTree = "<group>";
		};
		332000B22AFAB42700F8E991 /* controller */ = {
			isa = PBXGroup;
			children = (
				3320009F2AFAAEA200F8E991 /* MainViewController.swift */,
			);
			path = controller;
			sourceTree = "<group>";
		};
		332000BE2AFB720E00F8E991 /* view */ = {
			isa = PBXGroup;
			children = (
				332000BF2AFB720E00F8E991 /* MainView.swift */,
			);
			path = view;
			sourceTree = "<group>";
		};
		332000C02AFB723A00F8E991 /* model */ = {
			isa = PBXGroup;
			children = (
				332000BA2AFAB66100F8E991 /* MainViewModel.swift */,
			);
			path = model;
			sourceTree = "<group>";
		};
		332000C32AFB736400F8E991 /* api */ = {
			isa = PBXGroup;
			children = (
				332000C92AFB7BA200F8E991 /* unsplash.json */,
				332000D02AFB858500F8E991 /* entities */,
				332000CB2AFB853D00F8E991 /* services */,
			);
			path = api;
			sourceTree = "<group>";
		};
		332000CB2AFB853D00F8E991 /* services */ = {
			isa = PBXGroup;
			children = (
				332000C42AFB737400F8E991 /* ApiService.swift */,
				332000D12AFB8B9800F8E991 /* SearchAppError.swift */,
			);
			path = services;
			sourceTree = "<group>";
		};
		332000D02AFB858500F8E991 /* entities */ = {
			isa = PBXGroup;
			children = (
				332000CC2AFB855800F8E991 /* Products.swift */,
				332000CE2AFB857000F8E991 /* Product.swift */,
			);
			path = entities;
			sourceTree = "<group>";
		};
/* End PBXGroup section */

/* Begin PBXNativeTarget section */
		332000972AFAAEA200F8E991 /* search-app */ = {
			isa = PBXNativeTarget;
			buildConfigurationList = 332000AC2AFAAEA400F8E991 /* Build configuration list for PBXNativeTarget "search-app" */;
			buildPhases = (
				332000942AFAAEA200F8E991 /* Sources */,
				332000952AFAAEA200F8E991 /* Frameworks */,
				332000962AFAAEA200F8E991 /* Resources */,
			);
			buildRules = (
			);
			dependencies = (
			);
			name = "search-app";
			packageProductDependencies = (
				332000B62AFAB54100F8E991 /* SnapKit */,
				332000B82AFAB54100F8E991 /* SnapKit-Dynamic */,
			);
			productName = "search-app";
			productReference = 332000982AFAAEA200F8E991 /* search-app.app */;
			productType = "com.apple.product-type.application";
		};
/* End PBXNativeTarget section */

/* Begin PBXProject section */
		332000902AFAAEA200F8E991 /* Project object */ = {
			isa = PBXProject;
			attributes = {
				BuildIndependentTargetsInParallel = 1;
				LastSwiftUpdateCheck = 1500;
				LastUpgradeCheck = 1500;
				TargetAttributes = {
					332000972AFAAEA200F8E991 = {
						CreatedOnToolsVersion = 15.0.1;
					};
				};
			};
			buildConfigurationList = 332000932AFAAEA200F8E991 /* Build configuration list for PBXProject "search-app" */;
			compatibilityVersion = "Xcode 14.0";
			developmentRegion = en;
			hasScannedForEncodings = 0;
			knownRegions = (
				en,
				Base,
			);
			mainGroup = 3320008F2AFAAEA200F8E991;
			packageReferences = (
				332000B52AFAB54100F8E991 /* XCRemoteSwiftPackageReference "SnapKit" */,
			);
			productRefGroup = 332000992AFAAEA200F8E991 /* Products */;
			projectDirPath = "";
			projectRoot = "";
			targets = (
				332000972AFAAEA200F8E991 /* search-app */,
			);
		};
/* End PBXProject section */

/* Begin PBXResourcesBuildPhase section */
		332000962AFAAEA200F8E991 /* Resources */ = {
			isa = PBXResourcesBuildPhase;
			buildActionMask = 2147483647;
			files = (
				332000BD2AFAB9AC00F8E991 /* Colors.xcassets in Resources */,
				332000A82AFAAEA400F8E991 /* LaunchScreen.storyboard in Resources */,
				332000A52AFAAEA400F8E991 /* Assets.xcassets in Resources */,
				332000CA2AFB7BA200F8E991 /* unsplash.json in Resources */,
			);
			runOnlyForDeploymentPostprocessing = 0;
		};
/* End PBXResourcesBuildPhase section */

/* Begin PBXSourcesBuildPhase section */
		332000942AFAAEA200F8E991 /* Sources */ = {
			isa = PBXSourcesBuildPhase;
			buildActionMask = 2147483647;
			files = (
				332000D22AFB8B9800F8E991 /* SearchAppError.swift in Sources */,
				332000BB2AFAB66100F8E991 /* MainViewModel.swift in Sources */,
				332000CF2AFB857000F8E991 /* Product.swift in Sources */,
				332000C62AFB742500F8E991 /* MainView.swift in Sources */,
				332000C52AFB737400F8E991 /* ApiService.swift in Sources */,
				332000CD2AFB855800F8E991 /* Products.swift in Sources */,
				332000A02AFAAEA200F8E991 /* MainViewController.swift in Sources */,
				3320009C2AFAAEA200F8E991 /* AppDelegate.swift in Sources */,
				3320009E2AFAAEA200F8E991 /* SceneDelegate.swift in Sources */,
			);
			runOnlyForDeploymentPostprocessing = 0;
		};
/* End PBXSourcesBuildPhase section */

/* Begin PBXVariantGroup section */
		332000A62AFAAEA400F8E991 /* LaunchScreen.storyboard */ = {
			isa = PBXVariantGroup;
			children = (
				332000A72AFAAEA400F8E991 /* Base */,
			);
			name = LaunchScreen.storyboard;
			sourceTree = "<group>";
		};
/* End PBXVariantGroup section */

/* Begin XCBuildConfiguration section */
		332000AA2AFAAEA400F8E991 /* Debug */ = {
			isa = XCBuildConfiguration;
			buildSettings = {
				ALWAYS_SEARCH_USER_PATHS = NO;
				ASSETCATALOG_COMPILER_GENERATE_SWIFT_ASSET_SYMBOL_EXTENSIONS = YES;
				CLANG_ANALYZER_NONNULL = YES;
				CLANG_ANALYZER_NUMBER_OBJECT_CONVERSION = YES_AGGRESSIVE;
				CLANG_CXX_LANGUAGE_STANDARD = "gnu++20";
				CLANG_ENABLE_MODULES = YES;
				CLANG_ENABLE_OBJC_ARC = YES;
				CLANG_ENABLE_OBJC_WEAK = YES;
				CLANG_WARN_BLOCK_CAPTURE_AUTORELEASING = YES;
				CLANG_WARN_BOOL_CONVERSION = YES;
				CLANG_WARN_COMMA = YES;
				CLANG_WARN_CONSTANT_CONVERSION = YES;
				CLANG_WARN_DEPRECATED_OBJC_IMPLEMENTATIONS = YES;
				CLANG_WARN_DIRECT_OBJC_ISA_USAGE = YES_ERROR;
				CLANG_WARN_DOCUMENTATION_COMMENTS = YES;
				CLANG_WARN_EMPTY_BODY = YES;
				CLANG_WARN_ENUM_CONVERSION = YES;
				CLANG_WARN_INFINITE_RECURSION = YES;
				CLANG_WARN_INT_CONVERSION = YES;
				CLANG_WARN_NON_LITERAL_NULL_CONVERSION = YES;
				CLANG_WARN_OBJC_IMPLICIT_RETAIN_SELF = YES;
				CLANG_WARN_OBJC_LITERAL_CONVERSION = YES;
				CLANG_WARN_OBJC_ROOT_CLASS = YES_ERROR;
				CLANG_WARN_QUOTED_INCLUDE_IN_FRAMEWORK_HEADER = YES;
				CLANG_WARN_RANGE_LOOP_ANALYSIS = YES;
				CLANG_WARN_STRICT_PROTOTYPES = YES;
				CLANG_WARN_SUSPICIOUS_MOVE = YES;
				CLANG_WARN_UNGUARDED_AVAILABILITY = YES_AGGRESSIVE;
				CLANG_WARN_UNREACHABLE_CODE = YES;
				CLANG_WARN__DUPLICATE_METHOD_MATCH = YES;
				COPY_PHASE_STRIP = NO;
				DEBUG_INFORMATION_FORMAT = dwarf;
				ENABLE_STRICT_OBJC_MSGSEND = YES;
				ENABLE_TESTABILITY = YES;
				ENABLE_USER_SCRIPT_SANDBOXING = YES;
				GCC_C_LANGUAGE_STANDARD = gnu17;
				GCC_DYNAMIC_NO_PIC = NO;
				GCC_NO_COMMON_BLOCKS = YES;
				GCC_OPTIMIZATION_LEVEL = 0;
				GCC_PREPROCESSOR_DEFINITIONS = (
					"DEBUG=1",
					"$(inherited)",
				);
				GCC_WARN_64_TO_32_BIT_CONVERSION = YES;
				GCC_WARN_ABOUT_RETURN_TYPE = YES_ERROR;
				GCC_WARN_UNDECLARED_SELECTOR = YES;
				GCC_WARN_UNINITIALIZED_AUTOS = YES_AGGRESSIVE;
				GCC_WARN_UNUSED_FUNCTION = YES;
				GCC_WARN_UNUSED_VARIABLE = YES;
				IPHONEOS_DEPLOYMENT_TARGET = 17.0;
				LOCALIZATION_PREFERS_STRING_CATALOGS = YES;
				MTL_ENABLE_DEBUG_INFO = INCLUDE_SOURCE;
				MTL_FAST_MATH = YES;
				ONLY_ACTIVE_ARCH = YES;
				SDKROOT = iphoneos;
				SWIFT_ACTIVE_COMPILATION_CONDITIONS = "DEBUG $(inherited)";
				SWIFT_OPTIMIZATION_LEVEL = "-Onone";
			};
			name = Debug;
		};
		332000AB2AFAAEA400F8E991 /* Release */ = {
			isa = XCBuildConfiguration;
			buildSettings = {
				ALWAYS_SEARCH_USER_PATHS = NO;
				ASSETCATALOG_COMPILER_GENERATE_SWIFT_ASSET_SYMBOL_EXTENSIONS = YES;
				CLANG_ANALYZER_NONNULL = YES;
				CLANG_ANALYZER_NUMBER_OBJECT_CONVERSION = YES_AGGRESSIVE;
				CLANG_CXX_LANGUAGE_STANDARD = "gnu++20";
				CLANG_ENABLE_MODULES = YES;
				CLANG_ENABLE_OBJC_ARC = YES;
				CLANG_ENABLE_OBJC_WEAK = YES;
				CLANG_WARN_BLOCK_CAPTURE_AUTORELEASING = YES;
				CLANG_WARN_BOOL_CONVERSION = YES;
				CLANG_WARN_COMMA = YES;
				CLANG_WARN_CONSTANT_CONVERSION = YES;
				CLANG_WARN_DEPRECATED_OBJC_IMPLEMENTATIONS = YES;
				CLANG_WARN_DIRECT_OBJC_ISA_USAGE = YES_ERROR;
				CLANG_WARN_DOCUMENTATION_COMMENTS = YES;
				CLANG_WARN_EMPTY_BODY = YES;
				CLANG_WARN_ENUM_CONVERSION = YES;
				CLANG_WARN_INFINITE_RECURSION = YES;
				CLANG_WARN_INT_CONVERSION = YES;
				CLANG_WARN_NON_LITERAL_NULL_CONVERSION = YES;
				CLANG_WARN_OBJC_IMPLICIT_RETAIN_SELF = YES;
				CLANG_WARN_OBJC_LITERAL_CONVERSION = YES;
				CLANG_WARN_OBJC_ROOT_CLASS = YES_ERROR;
				CLANG_WARN_QUOTED_INCLUDE_IN_FRAMEWORK_HEADER = YES;
				CLANG_WARN_RANGE_LOOP_ANALYSIS = YES;
				CLANG_WARN_STRICT_PROTOTYPES = YES;
				CLANG_WARN_SUSPICIOUS_MOVE = YES;
				CLANG_WARN_UNGUARDED_AVAILABILITY = YES_AGGRESSIVE;
				CLANG_WARN_UNREACHABLE_CODE = YES;
				CLANG_WARN__DUPLICATE_METHOD_MATCH = YES;
				COPY_PHASE_STRIP = NO;
				DEBUG_INFORMATION_FORMAT = "dwarf-with-dsym";
				ENABLE_NS_ASSERTIONS = NO;
				ENABLE_STRICT_OBJC_MSGSEND = YES;
				ENABLE_USER_SCRIPT_SANDBOXING = YES;
				GCC_C_LANGUAGE_STANDARD = gnu17;
				GCC_NO_COMMON_BLOCKS = YES;
				GCC_WARN_64_TO_32_BIT_CONVERSION = YES;
				GCC_WARN_ABOUT_RETURN_TYPE = YES_ERROR;
				GCC_WARN_UNDECLARED_SELECTOR = YES;
				GCC_WARN_UNINITIALIZED_AUTOS = YES_AGGRESSIVE;
				GCC_WARN_UNUSED_FUNCTION = YES;
				GCC_WARN_UNUSED_VARIABLE = YES;
				IPHONEOS_DEPLOYMENT_TARGET = 17.0;
				LOCALIZATION_PREFERS_STRING_CATALOGS = YES;
				MTL_ENABLE_DEBUG_INFO = NO;
				MTL_FAST_MATH = YES;
				SDKROOT = iphoneos;
				SWIFT_COMPILATION_MODE = wholemodule;
				VALIDATE_PRODUCT = YES;
			};
			name = Release;
		};
		332000AD2AFAAEA400F8E991 /* Debug */ = {
			isa = XCBuildConfiguration;
			buildSettings = {
				ASSETCATALOG_COMPILER_APPICON_NAME = AppIcon;
				ASSETCATALOG_COMPILER_GLOBAL_ACCENT_COLOR_NAME = AccentColor;
				CODE_SIGN_STYLE = Automatic;
				CURRENT_PROJECT_VERSION = 1;
				DEVELOPMENT_TEAM = UDT2XAMXUQ;
				GENERATE_INFOPLIST_FILE = YES;
				INFOPLIST_FILE = "search-app/resources/Info.plist";
				INFOPLIST_KEY_UIApplicationSupportsIndirectInputEvents = YES;
				INFOPLIST_KEY_UILaunchStoryboardName = LaunchScreen;
				INFOPLIST_KEY_UISupportedInterfaceOrientations_iPad = "UIInterfaceOrientationPortrait UIInterfaceOrientationPortraitUpsideDown UIInterfaceOrientationLandscapeLeft UIInterfaceOrientationLandscapeRight";
				INFOPLIST_KEY_UISupportedInterfaceOrientations_iPhone = "UIInterfaceOrientationPortrait UIInterfaceOrientationLandscapeLeft UIInterfaceOrientationLandscapeRight";
				LD_RUNPATH_SEARCH_PATHS = (
					"$(inherited)",
					"@executable_path/Frameworks",
				);
				MARKETING_VERSION = 1.0;
				PRODUCT_BUNDLE_IDENTIFIER = "com.lion.search-app";
				PRODUCT_NAME = "$(TARGET_NAME)";
				SWIFT_EMIT_LOC_STRINGS = YES;
				SWIFT_VERSION = 5.0;
				TARGETED_DEVICE_FAMILY = "1,2";
			};
			name = Debug;
		};
		332000AE2AFAAEA400F8E991 /* Release */ = {
			isa = XCBuildConfiguration;
			buildSettings = {
				ASSETCATALOG_COMPILER_APPICON_NAME = AppIcon;
				ASSETCATALOG_COMPILER_GLOBAL_ACCENT_COLOR_NAME = AccentColor;
				CODE_SIGN_STYLE = Automatic;
				CURRENT_PROJECT_VERSION = 1;
				DEVELOPMENT_TEAM = UDT2XAMXUQ;
				GENERATE_INFOPLIST_FILE = YES;
				INFOPLIST_FILE = "search-app/resources/Info.plist";
				INFOPLIST_KEY_UIApplicationSupportsIndirectInputEvents = YES;
				INFOPLIST_KEY_UILaunchStoryboardName = LaunchScreen;
				INFOPLIST_KEY_UISupportedInterfaceOrientations_iPad = "UIInterfaceOrientationPortrait UIInterfaceOrientationPortraitUpsideDown UIInterfaceOrientationLandscapeLeft UIInterfaceOrientationLandscapeRight";
				INFOPLIST_KEY_UISupportedInterfaceOrientations_iPhone = "UIInterfaceOrientationPortrait UIInterfaceOrientationLandscapeLeft UIInterfaceOrientationLandscapeRight";
				LD_RUNPATH_SEARCH_PATHS = (
					"$(inherited)",
					"@executable_path/Frameworks",
				);
				MARKETING_VERSION = 1.0;
				PRODUCT_BUNDLE_IDENTIFIER = "com.lion.search-app";
				PRODUCT_NAME = "$(TARGET_NAME)";
				SWIFT_EMIT_LOC_STRINGS = YES;
				SWIFT_VERSION = 5.0;
				TARGETED_DEVICE_FAMILY = "1,2";
			};
			name = Release;
		};
/* End XCBuildConfiguration section */

/* Begin XCConfigurationList section */
		332000932AFAAEA200F8E991 /* Build configuration list for PBXProject "search-app" */ = {
			isa = XCConfigurationList;
			buildConfigurations = (
				332000AA2AFAAEA400F8E991 /* Debug */,
				332000AB2AFAAEA400F8E991 /* Release */,
			);
			defaultConfigurationIsVisible = 0;
			defaultConfigurationName = Release;
		};
		332000AC2AFAAEA400F8E991 /* Build configuration list for PBXNativeTarget "search-app" */ = {
			isa = XCConfigurationList;
			buildConfigurations = (
				332000AD2AFAAEA400F8E991 /* Debug */,
				332000AE2AFAAEA400F8E991 /* Release */,
			);
			defaultConfigurationIsVisible = 0;
			defaultConfigurationName = Release;
		};
/* End XCConfigurationList section */

/* Begin XCRemoteSwiftPackageReference section */
		332000B52AFAB54100F8E991 /* XCRemoteSwiftPackageReference "SnapKit" */ = {
			isa = XCRemoteSwiftPackageReference;
			repositoryURL = "https://github.com/SnapKit/SnapKit.git";
			requirement = {
				kind = upToNextMajorVersion;
				minimumVersion = 5.6.0;
			};
		};
/* End XCRemoteSwiftPackageReference section */

/* Begin XCSwiftPackageProductDependency section */
		332000B62AFAB54100F8E991 /* SnapKit */ = {
			isa = XCSwiftPackageProductDependency;
			package = 332000B52AFAB54100F8E991 /* XCRemoteSwiftPackageReference "SnapKit" */;
			productName = SnapKit;
		};
		332000B82AFAB54100F8E991 /* SnapKit-Dynamic */ = {
			isa = XCSwiftPackageProductDependency;
			package = 332000B52AFAB54100F8E991 /* XCRemoteSwiftPackageReference "SnapKit" */;
			productName = "SnapKit-Dynamic";
		};
/* End XCSwiftPackageProductDependency section */
	};
	rootObject = 332000902AFAAEA200F8E991 /* Project object */;
}
